// !$*UTF8*$!
{
	archiveVersion = 1;
	classes = {
	};
	objectVersion = 46;
	objects = {

/* Begin PBXBuildFile section */
		032EEE381B9974BE003E4ACF /* main.m in Sources */ = {isa = PBXBuildFile; fileRef = 032EEE371B9974BE003E4ACF /* main.m */; };
		032EEE3B1B9974BE003E4ACF /* AppDelegate.m in Sources */ = {isa = PBXBuildFile; fileRef = 032EEE3A1B9974BE003E4ACF /* AppDelegate.m */; };
		032EEE3E1B9974BE003E4ACF /* MasterViewController.m in Sources */ = {isa = PBXBuildFile; fileRef = 032EEE3D1B9974BE003E4ACF /* MasterViewController.m */; };
		032EEE411B9974BE003E4ACF /* DetailViewController.m in Sources */ = {isa = PBXBuildFile; fileRef = 032EEE401B9974BE003E4ACF /* DetailViewController.m */; };
		032EEE441B9974BE003E4ACF /* Main.storyboard in Resources */ = {isa = PBXBuildFile; fileRef = 032EEE421B9974BE003E4ACF /* Main.storyboard */; };
		032EEE461B9974BE003E4ACF /* Images.xcassets in Resources */ = {isa = PBXBuildFile; fileRef = 032EEE451B9974BE003E4ACF /* Images.xcassets */; };
		032EEE491B9974BE003E4ACF /* LaunchScreen.xib in Resources */ = {isa = PBXBuildFile; fileRef = 032EEE471B9974BE003E4ACF /* LaunchScreen.xib */; };
		032EEE551B9974BE003E4ACF /* TableExampleTests.m in Sources */ = {isa = PBXBuildFile; fileRef = 032EEE541B9974BE003E4ACF /* TableExampleTests.m */; };
		032EEE621B997CB5003E4ACF /* FaceView.m in Sources */ = {isa = PBXBuildFile; fileRef = 032EEE611B997CB5003E4ACF /* FaceView.m */; };
/* End PBXBuildFile section */

/* Begin PBXContainerItemProxy section */
		032EEE4F1B9974BE003E4ACF /* PBXContainerItemProxy */ = {
			isa = PBXContainerItemProxy;
			containerPortal = 032EEE2A1B9974BE003E4ACF /* Project object */;
			proxyType = 1;
			remoteGlobalIDString = 032EEE311B9974BE003E4ACF;
			remoteInfo = TableExample;
		};
/* End PBXContainerItemProxy section */

/* Begin PBXFileReference section */
		032EEE321B9974BE003E4ACF /* TableExample.app */ = {isa = PBXFileReference; explicitFileType = wrapper.application; includeInIndex = 0; path = TableExample.app; sourceTree = BUILT_PRODUCTS_DIR; };
		032EEE361B9974BE003E4ACF /* Info.plist */ = {isa = PBXFileReference; lastKnownFileType = text.plist.xml; path = Info.plist; sourceTree = "<group>"; };
		032EEE371B9974BE003E4ACF /* main.m */ = {isa = PBXFileReference; lastKnownFileType = sourcecode.c.objc; path = main.m; sourceTree = "<group>"; };
		032EEE391B9974BE003E4ACF /* AppDelegate.h */ = {isa = PBXFileReference; lastKnownFileType = sourcecode.c.h; path = AppDelegate.h; sourceTree = "<group>"; };
		032EEE3A1B9974BE003E4ACF /* AppDelegate.m */ = {isa = PBXFileReference; lastKnownFileType = sourcecode.c.objc; path = AppDelegate.m; sourceTree = "<group>"; };
		032EEE3C1B9974BE003E4ACF /* MasterViewController.h */ = {isa = PBXFileReference; lastKnownFileType = sourcecode.c.h; path = MasterViewController.h; sourceTree = "<group>"; };
		032EEE3D1B9974BE003E4ACF /* MasterViewController.m */ = {isa = PBXFileReference; lastKnownFileType = sourcecode.c.objc; path = MasterViewController.m; sourceTree = "<group>"; };
		032EEE3F1B9974BE003E4ACF /* DetailViewController.h */ = {isa = PBXFileReference; lastKnownFileType = sourcecode.c.h; path = DetailViewController.h; sourceTree = "<group>"; };
		032EEE401B9974BE003E4ACF /* DetailViewController.m */ = {isa = PBXFileReference; lastKnownFileType = sourcecode.c.objc; path = DetailViewController.m; sourceTree = "<group>"; };
		032EEE431B9974BE003E4ACF /* Base */ = {isa = PBXFileReference; lastKnownFileType = file.storyboard; name = Base; path = Base.lproj/Main.storyboard; sourceTree = "<group>"; };
		032EEE451B9974BE003E4ACF /* Images.xcassets */ = {isa = PBXFileReference; lastKnownFileType = folder.assetcatalog; path = Images.xcassets; sourceTree = "<group>"; };
		032EEE481B9974BE003E4ACF /* Base */ = {isa = PBXFileReference; lastKnownFileType = file.xib; name = Base; path = Base.lproj/LaunchScreen.xib; sourceTree = "<group>"; };
		032EEE4E1B9974BE003E4ACF /* TableExampleTests.xctest */ = {isa = PBXFileReference; explicitFileType = wrapper.cfbundle; includeInIndex = 0; path = TableExampleTests.xctest; sourceTree = BUILT_PRODUCTS_DIR; };
		032EEE531B9974BE003E4ACF /* Info.plist */ = {isa = PBXFileReference; lastKnownFileType = text.plist.xml; path = Info.plist; sourceTree = "<group>"; };
		032EEE541B9974BE003E4ACF /* TableExampleTests.m */ = {isa = PBXFileReference; lastKnownFileType = sourcecode.c.objc; path = TableExampleTests.m; sourceTree = "<group>"; };
		032EEE601B997CB5003E4ACF /* FaceView.h */ = {isa = PBXFileReference; fileEncoding = 4; lastKnownFileType = sourcecode.c.h; path = FaceView.h; sourceTree = "<group>"; };
		032EEE611B997CB5003E4ACF /* FaceView.m */ = {isa = PBXFileReference; fileEncoding = 4; lastKnownFileType = sourcecode.c.objc; path = FaceView.m; sourceTree = "<group>"; };
/* End PBXFileReference section */

/* Begin PBXFrameworksBuildPhase section */
		032EEE2F1B9974BE003E4ACF /* Frameworks */ = {
			isa = PBXFrameworksBuildPhase;
			buildActionMask = 2147483647;
			files = (
			);
			runOnlyForDeploymentPostprocessing = 0;
		};
		032EEE4B1B9974BE003E4ACF /* Frameworks */ = {
			isa = PBXFrameworksBuildPhase;
			buildActionMask = 2147483647;
			files = (
			);
			runOnlyForDeploymentPostprocessing = 0;
		};
/* End PBXFrameworksBuildPhase section */

/* Begin PBXGroup section */
		032EEE291B9974BE003E4ACF = {
			isa = PBXGroup;
			children = (
				032EEE341B9974BE003E4ACF /* TableExample */,
				032EEE511B9974BE003E4ACF /* TableExampleTests */,
				032EEE331B9974BE003E4ACF /* Products */,
			);
			sourceTree = "<group>";
		};
		032EEE331B9974BE003E4ACF /* Products */ = {
			isa = PBXGroup;
			children = (
				032EEE321B9974BE003E4ACF /* TableExample.app */,
				032EEE4E1B9974BE003E4ACF /* TableExampleTests.xctest */,
			);
			name = Products;
			sourceTree = "<group>";
		};
		032EEE341B9974BE003E4ACF /* TableExample */ = {
			isa = PBXGroup;
			children = (
				032EEE391B9974BE003E4ACF /* AppDelegate.h */,
				032EEE3A1B9974BE003E4ACF /* AppDelegate.m */,
				032EEE601B997CB5003E4ACF /* FaceView.h */,
				032EEE611B997CB5003E4ACF /* FaceView.m */,
				032EEE3C1B9974BE003E4ACF /* MasterViewController.h */,
				032EEE3D1B9974BE003E4ACF /* MasterViewController.m */,
				032EEE3F1B9974BE003E4ACF /* DetailViewController.h */,
				032EEE401B9974BE003E4ACF /* DetailViewController.m */,
				032EEE421B9974BE003E4ACF /* Main.storyboard */,
				032EEE451B9974BE003E4ACF /* Images.xcassets */,
				032EEE471B9974BE003E4ACF /* LaunchScreen.xib */,
				032EEE351B9974BE003E4ACF /* Supporting Files */,
			);
			path = TableExample;
			sourceTree = "<group>";
		};
		032EEE351B9974BE003E4ACF /* Supporting Files */ = {
			isa = PBXGroup;
			children = (
				032EEE361B9974BE003E4ACF /* Info.plist */,
				032EEE371B9974BE003E4ACF /* main.m */,
			);
			name = "Supporting Files";
			sourceTree = "<group>";
		};
		032EEE511B9974BE003E4ACF /* TableExampleTests */ = {
			isa = PBXGroup;
			children = (
				032EEE541B9974BE003E4ACF /* TableExampleTests.m */,
				032EEE521B9974BE003E4ACF /* Supporting Files */,
			);
			path = TableExampleTests;
			sourceTree = "<group>";
		};
		032EEE521B9974BE003E4ACF /* Supporting Files */ = {
			isa = PBXGroup;
			children = (
				032EEE531B9974BE003E4ACF /* Info.plist */,
			);
			name = "Supporting Files";
			sourceTree = "<group>";
		};
/* End PBXGroup section */

/* Begin PBXNativeTarget section */
		032EEE311B9974BE003E4ACF /* TableExample */ = {
			isa = PBXNativeTarget;
			buildConfigurationList = 032EEE581B9974BE003E4ACF /* Build configuration list for PBXNativeTarget "TableExample" */;
			buildPhases = (
				032EEE2E1B9974BE003E4ACF /* Sources */,
				032EEE2F1B9974BE003E4ACF /* Frameworks */,
				032EEE301B9974BE003E4ACF /* Resources */,
			);
			buildRules = (
			);
			dependencies = (
			);
			name = TableExample;
			productName = TableExample;
			productReference = 032EEE321B9974BE003E4ACF /* TableExample.app */;
			productType = "com.apple.product-type.application";
		};
		032EEE4D1B9974BE003E4ACF /* TableExampleTests */ = {
			isa = PBXNativeTarget;
			buildConfigurationList = 032EEE5B1B9974BE003E4ACF /* Build configuration list for PBXNativeTarget "TableExampleTests" */;
			buildPhases = (
				032EEE4A1B9974BE003E4ACF /* Sources */,
				032EEE4B1B9974BE003E4ACF /* Frameworks */,
				032EEE4C1B9974BE003E4ACF /* Resources */,
			);
			buildRules = (
			);
			dependencies = (
				032EEE501B9974BE003E4ACF /* PBXTargetDependency */,
			);
			name = TableExampleTests;
			productName = TableExampleTests;
			productReference = 032EEE4E1B9974BE003E4ACF /* TableExampleTests.xctest */;
			productType = "com.apple.product-type.bundle.unit-test";
		};
/* End PBXNativeTarget section */

/* Begin PBXProject section */
		032EEE2A1B9974BE003E4ACF /* Project object */ = {
			isa = PBXProject;
			attributes = {
				LastUpgradeCheck = 0800;
				ORGANIZATIONNAME = Raster;
				TargetAttributes = {
					032EEE311B9974BE003E4ACF = {
						CreatedOnToolsVersion = 6.4;
						DevelopmentTeam = X3R9LDS4NE;
						ProvisioningStyle = Automatic;
					};
					032EEE4D1B9974BE003E4ACF = {
						CreatedOnToolsVersion = 6.4;
						TestTargetID = 032EEE311B9974BE003E4ACF;
					};
				};
			};
			buildConfigurationList = 032EEE2D1B9974BE003E4ACF /* Build configuration list for PBXProject "TableExample" */;
			compatibilityVersion = "Xcode 3.2";
			developmentRegion = English;
			hasScannedForEncodings = 0;
			knownRegions = (
				en,
				Base,
			);
			mainGroup = 032EEE291B9974BE003E4ACF;
			productRefGroup = 032EEE331B9974BE003E4ACF /* Products */;
			projectDirPath = "";
			projectRoot = "";
			targets = (
				032EEE311B9974BE003E4ACF /* TableExample */,
				032EEE4D1B9974BE003E4ACF /* TableExampleTests */,
			);
		};
/* End PBXProject section */

/* Begin PBXResourcesBuildPhase section */
		032EEE301B9974BE003E4ACF /* Resources */ = {
			isa = PBXResourcesBuildPhase;
			buildActionMask = 2147483647;
			files = (
				032EEE441B9974BE003E4ACF /* Main.storyboard in Resources */,
				032EEE491B9974BE003E4ACF /* LaunchScreen.xib in Resources */,
				032EEE461B9974BE003E4ACF /* Images.xcassets in Resources */,
			);
			runOnlyForDeploymentPostprocessing = 0;
		};
		032EEE4C1B9974BE003E4ACF /* Resources */ = {
			isa = PBXResourcesBuildPhase;
			buildActionMask = 2147483647;
			files = (
			);
			runOnlyForDeploymentPostprocessing = 0;
		};
/* End PBXResourcesBuildPhase section */

/* Begin PBXSourcesBuildPhase section */
		032EEE2E1B9974BE003E4ACF /* Sources */ = {
			isa = PBXSourcesBuildPhase;
			buildActionMask = 2147483647;
			files = (
				032EEE3B1B9974BE003E4ACF /* AppDelegate.m in Sources */,
				032EEE3E1B9974BE003E4ACF /* MasterViewController.m in Sources */,
				032EEE621B997CB5003E4ACF /* FaceView.m in Sources */,
				032EEE381B9974BE003E4ACF /* main.m in Sources */,
				032EEE411B9974BE003E4ACF /* DetailViewController.m in Sources */,
			);
			runOnlyForDeploymentPostprocessing = 0;
		};
		032EEE4A1B9974BE003E4ACF /* Sources */ = {
			isa = PBXSourcesBuildPhase;
			buildActionMask = 2147483647;
			files = (
				032EEE551B9974BE003E4ACF /* TableExampleTests.m in Sources */,
			);
			runOnlyForDeploymentPostprocessing = 0;
		};
/* End PBXSourcesBuildPhase section */

/* Begin PBXTargetDependency section */
		032EEE501B9974BE003E4ACF /* PBXTargetDependency */ = {
			isa = PBXTargetDependency;
			target = 032EEE311B9974BE003E4ACF /* TableExample */;
			targetProxy = 032EEE4F1B9974BE003E4ACF /* PBXContainerItemProxy */;
		};
/* End PBXTargetDependency section */

/* Begin PBXVariantGroup section */
		032EEE421B9974BE003E4ACF /* Main.storyboard */ = {
			isa = PBXVariantGroup;
			children = (
				032EEE431B9974BE003E4ACF /* Base */,
			);
			name = Main.storyboard;
			sourceTree = "<group>";
		};
		032EEE471B9974BE003E4ACF /* LaunchScreen.xib */ = {
			isa = PBXVariantGroup;
			children = (
				032EEE481B9974BE003E4ACF /* Base */,
			);
			name = LaunchScreen.xib;
			sourceTree = "<group>";
		};
/* End PBXVariantGroup section */

/* Begin XCBuildConfiguration section */
		032EEE561B9974BE003E4ACF /* Debug */ = {
			isa = XCBuildConfiguration;
			buildSettings = {
				ALWAYS_SEARCH_USER_PATHS = NO;
				CLANG_CXX_LANGUAGE_STANDARD = "gnu++0x";
				CLANG_CXX_LIBRARY = "libc++";
				CLANG_ENABLE_MODULES = YES;
				CLANG_ENABLE_OBJC_ARC = YES;
				CLANG_WARN_BOOL_CONVERSION = YES;
				CLANG_WARN_CONSTANT_CONVERSION = YES;
				CLANG_WARN_DIRECT_OBJC_ISA_USAGE = YES_ERROR;
				CLANG_WARN_EMPTY_BODY = YES;
				CLANG_WARN_ENUM_CONVERSION = YES;
				CLANG_WARN_INFINITE_RECURSION = YES;
				CLANG_WARN_INT_CONVERSION = YES;
				CLANG_WARN_OBJC_ROOT_CLASS = YES_ERROR;
				CLANG_WARN_SUSPICIOUS_MOVE = YES;
				CLANG_WARN_UNREACHABLE_CODE = YES;
				CLANG_WARN__DUPLICATE_METHOD_MATCH = YES;
				"CODE_SIGN_IDENTITY[sdk=iphoneos*]" = "iPhone Developer";
				COPY_PHASE_STRIP = NO;
				DEBUG_INFORMATION_FORMAT = "dwarf-with-dsym";
				ENABLE_STRICT_OBJC_MSGSEND = YES;
				ENABLE_TESTABILITY = YES;
				GCC_C_LANGUAGE_STANDARD = gnu99;
				GCC_DYNAMIC_NO_PIC = NO;
				GCC_NO_COMMON_BLOCKS = YES;
				GCC_OPTIMIZATION_LEVEL = 0;
				GCC_PREPROCESSOR_DEFINITIONS = (
					"DEBUG=1",
					"$(inherited)",
				);
				GCC_SYMBOLS_PRIVATE_EXTERN = NO;
				GCC_WARN_64_TO_32_BIT_CONVERSION = YES;
				GCC_WARN_ABOUT_RETURN_TYPE = YES_ERROR;
				GCC_WARN_UNDECLARED_SELECTOR = YES;
				GCC_WARN_UNINITIALIZED_AUTOS = YES_AGGRESSIVE;
				GCC_WARN_UNUSED_FUNCTION = YES;
				GCC_WARN_UNUSED_VARIABLE = YES;
				IPHONEOS_DEPLOYMENT_TARGET = 8.4;
				MTL_ENABLE_DEBUG_INFO = YES;
				ONLY_ACTIVE_ARCH = YES;
				SDKROOT = iphoneos;
			};
			name = Debug;
		};
		032EEE571B9974BE003E4ACF /* Release */ = {
			isa = XCBuildConfiguration;
			buildSettings = {
				ALWAYS_SEARCH_USER_PATHS = NO;
				CLANG_CXX_LANGUAGE_STANDARD = "gnu++0x";
				CLANG_CXX_LIBRARY = "libc++";
				CLANG_ENABLE_MODULES = YES;
				CLANG_ENABLE_OBJC_ARC = YES;
				CLANG_WARN_BOOL_CONVERSION = YES;
				CLANG_WARN_CONSTANT_CONVERSION = YES;
				CLANG_WARN_DIRECT_OBJC_ISA_USAGE = YES_ERROR;
				CLANG_WARN_EMPTY_BODY = YES;
				CLANG_WARN_ENUM_CONVERSION = YES;
				CLANG_WARN_INFINITE_RECURSION = YES;
				CLANG_WARN_INT_CONVERSION = YES;
				CLANG_WARN_OBJC_ROOT_CLASS = YES_ERROR;
				CLANG_WARN_SUSPICIOUS_MOVE = YES;
				CLANG_WARN_UNREACHABLE_CODE = YES;
				CLANG_WARN__DUPLICATE_METHOD_MATCH = YES;
				"CODE_SIGN_IDENTITY[sdk=iphoneos*]" = "iPhone Developer";
				COPY_PHASE_STRIP = NO;
				DEBUG_INFORMATION_FORMAT = "dwarf-with-dsym";
				ENABLE_NS_ASSERTIONS = NO;
				ENABLE_STRICT_OBJC_MSGSEND = YES;
				GCC_C_LANGUAGE_STANDARD = gnu99;
				GCC_NO_COMMON_BLOCKS = YES;
				GCC_WARN_64_TO_32_BIT_CONVERSION = YES;
				GCC_WARN_ABOUT_RETURN_TYPE = YES_ERROR;
				GCC_WARN_UNDECLARED_SELECTOR = YES;
				GCC_WARN_UNINITIALIZED_AUTOS = YES_AGGRESSIVE;
				GCC_WARN_UNUSED_FUNCTION = YES;
				GCC_WARN_UNUSED_VARIABLE = YES;
				IPHONEOS_DEPLOYMENT_TARGET = 8.4;
				MTL_ENABLE_DEBUG_INFO = NO;
				SDKROOT = iphoneos;
				VALIDATE_PRODUCT = YES;
			};
			name = Release;
		};
		032EEE591B9974BE003E4ACF /* Debug */ = {
			isa = XCBuildConfiguration;
			buildSettings = {
				ASSETCATALOG_COMPILER_APPICON_NAME = AppIcon;
				CODE_SIGN_IDENTITY = "iPhone Developer";
				"CODE_SIGN_IDENTITY[sdk=iphoneos*]" = "iPhone Developer";
				DEVELOPMENT_TEAM = X3R9LDS4NE;
				INFOPLIST_FILE = TableExample/Info.plist;
				LD_RUNPATH_SEARCH_PATHS = "$(inherited) @executable_path/Frameworks";
				PRODUCT_BUNDLE_IDENTIFIER = com.ryanbigger.TableExample;
				PRODUCT_NAME = "$(TARGET_NAME)";
				PROVISIONING_PROFILE_SPECIFIER = "";
			};
			name = Debug;
		};
		032EEE5A1B9974BE003E4ACF /* Release */ = {
			isa = XCBuildConfiguration;
			buildSettings = {
				ASSETCATALOG_COMPILER_APPICON_NAME = AppIcon;
				CODE_SIGN_IDENTITY = "iPhone Developer";
				"CODE_SIGN_IDENTITY[sdk=iphoneos*]" = "iPhone Developer";
				DEVELOPMENT_TEAM = X3R9LDS4NE;
				INFOPLIST_FILE = TableExample/Info.plist;
				LD_RUNPATH_SEARCH_PATHS = "$(inherited) @executable_path/Frameworks";
				PRODUCT_BUNDLE_IDENTIFIER = com.ryanbigger.TableExample;
				PRODUCT_NAME = "$(TARGET_NAME)";
				PROVISIONING_PROFILE_SPECIFIER = "";
			};
			name = Release;
		};
		032EEE5C1B9974BE003E4ACF /* Debug */ = {
			isa = XCBuildConfiguration;
			buildSettings = {
				BUNDLE_LOADER = "$(TEST_HOST)";
				FRAMEWORK_SEARCH_PATHS = (
					"$(SDKROOT)/Developer/Library/Frameworks",
					"$(inherited)",
				);
				GCC_PREPROCESSOR_DEFINITIONS = (
					"DEBUG=1",
					"$(inherited)",
				);
				INFOPLIST_FILE = TableExampleTests/Info.plist;
				LD_RUNPATH_SEARCH_PATHS = "$(inherited) @executable_path/Frameworks @loader_path/Frameworks";
				PRODUCT_BUNDLE_IDENTIFIER = "com.weareraster.$(PRODUCT_NAME:rfc1034identifier)";
				PRODUCT_NAME = "$(TARGET_NAME)";
				TEST_HOST = "$(BUILT_PRODUCTS_DIR)/TableExample.app/TableExample";
			};
			name = Debug;
		};
		032EEE5D1B9974BE003E4ACF /* Release */ = {
			isa = XCBuildConfiguration;
			buildSettings = {
				BUNDLE_LOADER = "$(TEST_HOST)";
				FRAMEWORK_SEARCH_PATHS = (
					"$(SDKROOT)/Developer/Library/Frameworks",
					"$(inherited)",
				);
				INFOPLIST_FILE = TableExampleTests/Info.plist;
				LD_RUNPATH_SEARCH_PATHS = "$(inherited) @executable_path/Frameworks @loader_path/Frameworks";
				PRODUCT_BUNDLE_IDENTIFIER = "com.weareraster.$(PRODUCT_NAME:rfc1034identifier)";
				PRODUCT_NAME = "$(TARGET_NAME)";
				TEST_HOST = "$(BUILT_PRODUCTS_DIR)/TableExample.app/TableExample";
			};
			name = Release;
		};
/* End XCBuildConfiguration section */

/* Begin XCConfigurationList section */
		032EEE2D1B9974BE003E4ACF /* Build configuration list for PBXProject "TableExample" */ = {
			isa = XCConfigurationList;
			buildConfigurations = (
				032EEE561B9974BE003E4ACF /* Debug */,
				032EEE571B9974BE003E4ACF /* Release */,
			);
			defaultConfigurationIsVisible = 0;
			defaultConfigurationName = Release;
		};
		032EEE581B9974BE003E4ACF /* Build configuration list for PBXNativeTarget "TableExample" */ = {
			isa = XCConfigurationList;
			buildConfigurations = (
				032EEE591B9974BE003E4ACF /* Debug */,
				032EEE5A1B9974BE003E4ACF /* Release */,
			);
			defaultConfigurationIsVisible = 0;
			defaultConfigurationName = Release;
		};
		032EEE5B1B9974BE003E4ACF /* Build configuration list for PBXNativeTarget "TableExampleTests" */ = {
			isa = XCConfigurationList;
			buildConfigurations = (
				032EEE5C1B9974BE003E4ACF /* Debug */,
				032EEE5D1B9974BE003E4ACF /* Release */,
			);
			defaultConfigurationIsVisible = 0;
			defaultConfigurationName = Release;
		};
/* End XCConfigurationList section */
	};
	rootObject = 032EEE2A1B9974BE003E4ACF /* Project object */;
}
